github.com/1password/onepassword-sdk-go v0.4.0 h1:Nou39yuC6Q0om03irkh5UurfPdX3wx26qZZhQeC9TBU=
github.com/1password/onepassword-sdk-go v0.4.0/go.mod h1:j/CbzhucTywjlYrd6SE6k0LcQaFZ2l8OLBsAsOYtvD0=
github.com/cespare/xxhash/v2 v2.3.0 h1:UL815xU9SqsFlibzuggzjXhog7bL6oX9BbNZnL2UFvs=
github.com/cespare/xxhash/v2 v2.3.0/go.mod h1:VGX0DQ3Q6kWi7AoAeZDth3/j3BFtOZR5XLFGgcrjCOs=
github.com/danielgtaylor/huma/v2 v2.38.0 h1:fb0WZCatnaiHLphMQDDWDjygNxfMkX/ENma3QsRl7vY=
github.com/danielgtaylor/huma/v2 v2.38.0/go.mod h1:k9hwjlgWFt1t2jsmQGlsgXAG2FBTZa4kkjV581qAtfo=
github.com/davecgh/go-spew v1.1.1 h1:vj9j/u1bqnvCEfJOwUhtlOARqs3+rkHYY13jYWTU97c=
github.com/davecgh/go-spew v1.1.1/go.mod h1:J7Y8YcW2NihsgmVo/mv3lAwl/skON4iLHjSsI+c5H38=
github.com/dustin/go-humanize v1.0.1 h1:GzkhY7T5VNhEkwH0PVJgjz+fX1rhBrR7pRT3mDkpeCY=
github.com/dustin/go-humanize v1.0.1/go.mod h1:Mu1zIs6XwVuF/gI1OepvI0qD18qycQx+mFykh5fBlto=
github.com/dylibso/observe-sdk/go v0.0.0-20240828172851-9145d8ad07e1 h1:idfl8M8rPW93NehFw5H1qqH8yG158t5POr+LX9avbJY=
github.com/dylibso/observe-sdk/go v0.0.0-20240828172851-9145d8ad07e1/go.mod h1:C8DzXehI4zAbrdlbtOByKX6pfivJTBiV9Jjqv56Yd9Q=
github.com/extism/go-sdk v1.7.1 h1:lWJos6uY+tRFdlIHR+SJjwFDApY7OypS/2nMhiVQ9Sw=
github.com/extism/go-sdk v1.7.1/go.mod h1:IT+Xdg5AZM9hVtpFUA+uZCJMge/hbvshl8bwzLtFyKA=
github.com/fsnotify/fsnotify v1.10.1 h1:b0/UzAf9yR5rhf3RPm9gf3ehBPpf0oZKIjtpKrx59Ho=
github.com/fsnotify/fsnotify v1.10.1/go.mod h1:TLheqan6HD6GBK6PrDWyDPBaEV8LspOxvPSjC+bVfgo=
github.com/fxamacker/cbor/v2 v2.9.1 h1:2rWm8B193Ll4VdjsJY28jxs70IdDsHRWgQYAI80+rMQ=
github.com/fxamacker/cbor/v2 v2.9.1/go.mod h1:vM4b+DJCtHn+zz7h3FFp/hDAI9WNWCsZj23V5ytsSxQ=
github.com/go-viper/mapstructure/v2 v2.5.0 h1:vM5IJoUAy3d7zRSVtIwQgBj7BiWtMPfmPEgAXnvj1Ro=
github.com/go-viper/mapstructure/v2 v2.5.0/go.mod h1:oJDH3BJKyqBA2TXFhDsKDGDTlndYOZ6rGS0BRZIxGhM=
github.com/gobwas/glob v0.2.3 h1:A4xDbljILXROh+kObIiy5kIaPYD8e96x1tgBhUI5J+Y=
github.com/gobwas/glob v0.2.3/go.mod h1:d3Ez4x06l9bZtSvzIay5+Yzi0fmZzPgnTbPcKjJAkT8=
github.com/golang-module/base64Captcha v1.3.9 h1:Gi90n9vrNI++8LTtlYjpoEiTQZXfcls6oKf8C0sdShY=
github.com/golang-module/base64Captcha v1.3.9/go.mod h1:DUWdbwOZ+a0S7HLMn1IUd0OCzRR/3OcWVmj8YLRe7iQ=
github.com/golang/freetype v0.0.0-20170609003504-e2365dfdc4a0 h1:DACJavvAHhabrF08vX0COfcOBJRhZ8lUbR+ZWIs0Y5g=
github.com/golang/freetype v0.0.0-20170609003504-e2365dfdc4a0/go.mod h1:E/TSTwGwJL78qG/PmXZO1EjYhfJinVAhrmmHX6Z8B9k=
github.com/google/go-cmp v0.7.0 h1:wk8382ETsv4JYUZwIsn6YpYiWiBsYLSJiTsyBybVuN8=
github.com/google/go-cmp v0.7.0/go.mod h1:pXiqmnSA92OHEEa9HXL2W4E7lf9JzCmGVUdgjX3N/iU=
github.com/google/pprof v0.0.0-20250317173921-a4b03ec1a45e h1:ijClszYn+mADRFY17kjQEVQ1XRhq2/JR1M3sGqeJoxs=
github.com/google/pprof v0.0.0-20250317173921-a4b03ec1a45e/go.mod h1:boTsfXsheKC2y+lKOCMpSfarhxDeIzfZG1jqGcPl3cA=
github.com/google/uuid v1.6.0 h1:NIvaJDMOsjHA8n1jAhLSgzrAzy1Hgr+hNrb57e+94F0=
github.com/google/uuid v1.6.0/go.mod h1:TIyPZe4MgqvfeYDBFedMoGGpEw/LqOeaOT+nhxU+yHo=
github.com/hashicorp/golang-lru/v2 v2.0.7 h1:a+bsQ5rvGLjzHuww6tVxozPZFVghXaHOwFs4luLUK2k=
github.com/hashicorp/golang-lru/v2 v2.0.7/go.mod h1:QeFd9opnmA6QUJc5vARoKUSoFhyfM2/ZepoAG6RGpeM=
github.com/ianlancetaylor/demangle v0.0.0-20260505044615-1ff4bf46051f h1:NW3E2QSchEk63/fjeEvWOa2cE02FSv9ox//VE/N4c8g=
github.com/ianlancetaylor/demangle v0.0.0-20260505044615-1ff4bf46051f/go.mod h1:gx7rwoVhcfuVKG5uya9Hs3Sxj7EIvldVofAWIUtGouw=
github.com/jinzhu/inflection v1.0.0 h1:K317FqzuhWc8YvSVlFMCCUb36O/S9MCKRDI7QkRKD/E=
github.com/jinzhu/inflection v1.0.0/go.mod h1:h+uFLlag+Qp1Va5pdKtLDYj+kHp5pxUVkryuEj+Srlc=
github.com/kr/pretty v0.3.1 h1:flRD4NNwYAUpkphVc1HcthR4KEIFJ65n8Mw5qdRn3LE=
github.com/kr/pretty v0.3.1/go.mod h1:hoEshYVHaxMs3cyo3Yncou5ZscifuDolrwPKZanG3xk=
github.com/kr/text v0.2.0 h1:5Nx0Ya0ZqY2ygV366QzturHI13Jq95ApcVaJBhpS+AY=
github.com/kr/text v0.2.0/go.mod h1:eLer722TekiGuMkidMxC/pM04lWEeraHUUmBw8l2grE=
github.com/lwmacct/251207-go-pkg-cfgm v0.22.260625 h1:1aW35ttaj6W+t+4Mioi5cp79yjrR/GcCFnVkzGsXqxE=
github.com/lwmacct/251207-go-pkg-cfgm v0.22.260625/go.mod h1:aalTvgmBfD2uwJ6mgMcVUVzNXbjpxH9JmvPxaxSY1oI=
github.com/lwmacct/251207-go-pkg-version v0.4.260630 h1:JbCqG58osn4j9iAGupb2SE0Zm5gNvl+MJP545c2Z+N4=
github.com/lwmacct/251207-go-pkg-version v0.4.260630/go.mod h1:HU2NHRi5L/eitqczyz9ZD+thhLXHp+CT6nodPKuOWFE=
github.com/lwmacct/251219-go-pkg-logm v0.9.260413 h1:NcW1XeXH/7N2RhUoeR6FP1cEPkgbMf7uaOurTD8vZUM=
github.com/lwmacct/251219-go-pkg-logm v0.9.260413/go.mod h1:BnMqg/hjah4hx8mrac+6js5bnMLyf6PzHJ05yJQF4qY=
github.com/lwmacct/260614-go-pkg-tlsreload v0.12.260630 h1:BvElHMXSdc0+nG2eFDDryxXyf7bAqLd5YRZ6xTIUSmQ=
github.com/lwmacct/260614-go-pkg-tlsreload v0.12.260630/go.mod h1:KnXgj11ww878gPmn2MphtbQsV+VH/t0ZoP9QzUgSIOc=
github.com/lwmacct/260622-go-pkg-tddcheck v0.19.260626 h1:gHyEFXJ6rPEljJSt7Gv++18aORbQ0P0+Oqbe2EJvt1M=
github.com/lwmacct/260622-go-pkg-tddcheck v0.19.260626/go.mod h1:vcBuL7xMgFha98wyMcmTck3z6IADiP7pspe4PRUq0Cg=
github.com/mattn/go-isatty v0.0.21 h1:xYae+lCNBP7QuW4PUnNG61ffM4hVIfm+zUzDuSzYLGs=
github.com/mattn/go-isatty v0.0.21/go.mod h1:ZXfXG4SQHsB/w3ZeOYbR0PrPwLy+n6xiMrJlRFqopa4=
github.com/mattn/go-sqlite3 v1.14.34 h1:3NtcvcUnFBPsuRcno8pUtupspG/GM+9nZ88zgJcp6Zk=
github.com/mattn/go-sqlite3 v1.14.34/go.mod h1:Uh1q+B4BYcTPb+yiD3kU8Ct7aC0hY9fxUwlHK0RXw+Y=
github.com/ncruces/go-strftime v1.0.0 h1:HMFp8mLCTPp341M/ZnA4qaf7ZlsbTc+miZjCLOFAw7w=
github.com/ncruces/go-strftime v1.0.0/go.mod h1:Fwc5htZGVVkseilnfgOVb9mKy6w1naJmn9CehxcKcls=
github.com/pmezard/go-difflib v1.0.0 h1:4DBwDE0NGyQoBHbLQYPwSUPoCMWR5BEzIk/f1lZbAQM=
github.com/pmezard/go-difflib v1.0.0/go.mod h1:iKH77koFhYxTK1pcRnkKkqfTogsbg7gZNVY4sRDYZ/4=
github.com/puzpuzpuz/xsync/v3 v3.5.1 h1:GJYJZwO6IdxN/IKbneznS6yPkVC+c3zyY/j19c++5Fg=
github.com/puzpuzpuz/xsync/v3 v3.5.1/go.mod h1:VjzYrABPabuM4KyBh1Ftq6u8nhwY5tBPKP9jpmh0nnA=
github.com/remyoudompheng/bigfft v0.0.0-20230129092748-24d4a6f8daec h1:W09IVJc94icq4NjY3clb7Lk8O1qJ8BdBEF8z0ibU0rE=
github.com/remyoudompheng/bigfft v0.0.0-20230129092748-24d4a6f8daec/go.mod h1:qqbHyh8v60DhA7CoWK5oRCqLrMHRGoxYCSS9EjAz6Eo=
github.com/rogpeppe/go-internal v1.14.1 h1:UQB4HGPB6osV0SQTLymcB4TgvyWu6ZyliaW0tI/otEQ=
github.com/rogpeppe/go-internal v1.14.1/go.mod h1:MaRKkUm5W0goXpeCfT7UZI6fk/L7L7so1lCWt35ZSgc=
github.com/stretchr/testify v1.11.1 h1:7s2iGBzp5EwR7/aIZr8ao5+dra3wiQyKjjFuvgVKu7U=
github.com/stretchr/testify v1.11.1/go.mod h1:wZwfW3scLgRK+23gO65QZefKpKQRnfz6sD981Nm4B6U=
github.com/tetratelabs/wabin v0.0.0-20230304001439-f6f874872834 h1:ZF+QBjOI+tILZjBaFj3HgFonKXUcwgJ4djLb6i42S3Q=
github.com/tetratelabs/wabin v0.0.0-20230304001439-f6f874872834/go.mod h1:m9ymHTgNSEjuxvw8E7WWe4Pl4hZQHXONY8wE6dMLaRk=
github.com/tetratelabs/wazero v1.12.0 h1:DuWcpNu/FzgEXgGBDp8J1Spc+CWOvvtvVyjKlaZopYU=
github.com/tetratelabs/wazero v1.12.0/go.mod h1:LvKtzl2RqO4gyF27BiXU+nKAjcV8f38U+kP/q2vgxh0=
github.com/tmthrgd/go-hex v0.0.0-20190904060850-447a3041c3bc h1:9lRDQMhESg+zvGYmW5DyG0UqvY96Bu5QYsTLvCHdrgo=
github.com/tmthrgd/go-hex v0.0.0-20190904060850-447a3041c3bc/go.mod h1:bciPuU6GHm1iF1pBvUfxfsH0Wmnc2VbpgvbI9ZWuIRs=
github.com/uptrace/bun v1.2.18 h1:3HnRcMfS6OBPMG1eSOzlbFJ/X/AyMEJb7rMxE6VQvDU=
github.com/uptrace/bun v1.2.18/go.mod h1:wNltaKJk4JtOt4SG5I5zmA7v0/Mzjh1+/S906Rayd3Y=
github.com/uptrace/bun/dialect/pgdialect v1.2.18 h1:IZ6nM2+OYrL8lkEAy7UkSEZvoa3vluTAUlZfPtlRB2k=
github.com/uptrace/bun/dialect/pgdialect v1.2.18/go.mod h1:Tqdf4QP1okrGYpXfodXvCOK6Ob1OOTwSaoAzCgBB3IU=
github.com/uptrace/bun/dialect/sqlitedialect v1.2.18 h1:Z33SY/U++XK9uGWqS4h8OZVxfCXguIG+sU9cYq2PGFQ=
github.com/uptrace/bun/dialect/sqlitedialect v1.2.18/go.mod h1:1MVOS/Ncy4FZbkJcgUFH6OqYoQinYNjkEwsmNQEXz2A=
github.com/uptrace/bun/driver/pgdriver v1.2.18 h1:Zojuc83ulApocXomBLEcx1DqCZweREafHCjPfyXo88I=
github.com/uptrace/bun/driver/pgdriver v1.2.18/go.mod h1:ZRJcARw93nxbQ5WawTrc5EO+F+GygkcYgDLEnT17CcE=
github.com/uptrace/bun/driver/sqliteshim v1.2.18 h1:fDCXp4L46A23OuUikDbL14SRmm3y+7XO4fkFe1bs2A4=
github.com/uptrace/bun/driver/sqliteshim v1.2.18/go.mod h1:MqvqMCAAKNn6M0HF9YK/Z6xrnCP6sih5OZ37AxdAlHw=
github.com/urfave/cli/v3 v3.10.1 h1:7Kx9H50hrHbRbyxgO1KP6/BcbiGRz0uYh5YyQ30JEEY=
github.com/urfave/cli/v3 v3.10.1/go.mod h1:ysVLtOEmg2tOy6PknnYVhDoouyC/6N42TMeoMzskhso=
github.com/vmihailenco/msgpack/v5 v5.4.1 h1:cQriyiUvjTwOHg8QZaPihLWeRAAVoCpE00IUPn0Bjt8=
github.com/vmihailenco/msgpack/v5 v5.4.1/go.mod h1:GaZTsDaehaPpQVyxrf5mtQlH+pc21PIudVV/E3rRQok=
github.com/vmihailenco/tagparser/v2 v2.0.0 h1:y09buUbR+b5aycVFQs/g70pqKVZNBmxwAhO7/IwNM9g=
github.com/vmihailenco/tagparser/v2 v2.0.0/go.mod h1:Wri+At7QHww0WTrCBeu4J6bNtoV6mEfg5OIWRZA9qds=
github.com/x448/float16 v0.8.4 h1:qLwI1I70+NjRFUR3zs1JPUCgaCXSh3SW62uAKT1mSBM=
github.com/x448/float16 v0.8.4/go.mod h1:14CWIYCyZA/cWjXOioeEpHeN/83MdbZDRQHoFcYsOfg=
go.opentelemetry.io/otel v1.41.0 h1:YlEwVsGAlCvczDILpUXpIpPSL/VPugt7zHThEMLce1c=
go.opentelemetry.io/otel v1.41.0/go.mod h1:Yt4UwgEKeT05QbLwbyHXEwhnjxNO6D8L5PQP51/46dE=
go.opentelemetry.io/otel/trace v1.41.0 h1:Vbk2co6bhj8L59ZJ6/xFTskY+tGAbOnCtQGVVa9TIN0=
go.opentelemetry.io/otel/trace v1.41.0/go.mod h1:U1NU4ULCoxeDKc09yCWdWe+3QoyweJcISEVa1RBzOis=
go.opentelemetry.io/proto/otlp v1.10.0 h1:IQRWgT5srOCYfiWnpqUYz9CVmbO8bFmKcwYxpuCSL2g=
go.opentelemetry.io/proto/otlp v1.10.0/go.mod h1:/CV4QoCR/S9yaPj8utp3lvQPoqMtxXdzn7ozvvozVqk=
go.yaml.in/yaml/v3 v3.0.4 h1:tfq32ie2Jv2UxXFdLJdh3jXuOzWiL1fo0bu/FbuKpbc=
go.yaml.in/yaml/v3 v3.0.4/go.mod h1:DhzuOOF2ATzADvBadXxruRBLzYTpT36CKvDb3+aBEFg=
golang.org/x/crypto v0.53.0 h1:QZ4Muo8THX6CizN2vPPd5fBGHyogrdK9fG4wLPFUsto=
golang.org/x/crypto v0.53.0/go.mod h1:DNLU434OwVakk9PzuwV8w62mAJpRJL3vsgcfp4Qnsio=
golang.org/x/exp v0.0.0-20260218203240-3dfff04db8fa h1:Zt3DZoOFFYkKhDT3v7Lm9FDMEV06GpzjG2jrqW+QTE0=
golang.org/x/exp v0.0.0-20260218203240-3dfff04db8fa/go.mod h1:K79w1Vqn7PoiZn+TkNpx3BUWUQksGO3JcVX6qIjytmA=
golang.org/x/image v0.38.0 h1:5l+q+Y9JDC7mBOMjo4/aPhMDcxEptsX+Tt3GgRQRPuE=
golang.org/x/image v0.38.0/go.mod h1:/3f6vaXC+6CEanU4KJxbcUZyEePbyKbaLoDOe4ehFYY=
golang.org/x/mod v0.37.0 h1:vF1DjpVEshcIqoEaauuHebaLk1O1forxjxBaVn884JQ=
golang.org/x/mod v0.37.0/go.mod h1:m8S8VeM9r4dzDwjrKO0a1sZP3YjeMamRRlD+fmR2Q/0=
golang.org/x/sync v0.19.0 h1:vV+1eWNmZ5geRlYjzm2adRgW2/mcpevXNg50YZtPCE4=
golang.org/x/sync v0.19.0/go.mod h1:9KTHXmSnoGruLpwFjVSX0lNNA75CykiMECbovNTZqGI=
golang.org/x/sys v0.46.0 h1:noSf2Fq6F8DBgS+LysIkx7rIExoNHJsxOAtPp4rthXw=
golang.org/x/sys v0.46.0/go.mod h1:4GL1E5IUh+htKOUEOaiffhrAeqysfVGipDYzABqnCmw=
golang.org/x/tools v0.45.0 h1:18qN3FAooORvApf5XjCXgsuayZOEtXf6JK18I3+ONa8=
golang.org/x/tools v0.45.0/go.mod h1:LuUGqqaXcXMEFEruIVJVm5mgDD8vww/z/SR1gQ4uE/0=
google.golang.org/protobuf v1.36.11 h1:fV6ZwhNocDyBLK0dj+fg8ektcVegBBuEolpbTQyBNVE=
google.golang.org/protobuf v1.36.11/go.mod h1:HTf+CrKn2C3g5S8VImy6tdcUvCska2kB7j23XfzDpco=
gopkg.in/check.v1 v0.0.0-20161208181325-20d25e280405/go.mod h1:Co6ibVJAznAaIkqp8huTwlJQCZ016jof/cbN4VW5Yz0=
gopkg.in/check.v1 v1.0.0-20201130134442-10cb98267c6c h1:Hei/4ADfdWqJk1ZMxUNpqntNwaWcugrBjAiHlqqRiVk=
gopkg.in/check.v1 v1.0.0-20201130134442-10cb98267c6c/go.mod h1:JHkPIbrfpd72SG/EVd6muEfDQjcINNoR0C8j2r3qZ4Q=
gopkg.in/natefinch/lumberjack.v2 v2.2.1 h1:bBRl1b0OH9s/DuPhuXpNl+VtCaJXFZ5/uEFST95x9zc=
gopkg.in/natefinch/lumberjack.v2 v2.2.1/go.mod h1:YD8tP3GAjkrDg1eZH7EGmyESg/lsYskCTPBJVb9jqSc=
gopkg.in/yaml.v3 v3.0.1 h1:fxVm/GzAzEWqLHuvctI91KS9hhNmmWOoWu0XTYJS7CA=
gopkg.in/yaml.v3 v3.0.1/go.mod h1:K4uyk7z7BCEPqu6E+C64Yfv1cQ7kz7rIZviUmN+EgEM=
mellium.im/sasl v0.3.2 h1:PT6Xp7ccn9XaXAnJ03FcEjmAn7kK1x7aoXV6F+Vmrl0=
mellium.im/sasl v0.3.2/go.mod h1:NKXDi1zkr+BlMHLQjY3ofYuU4KSPFxknb8mfEu6SveY=
modernc.org/cc/v4 v4.27.1 h1:9W30zRlYrefrDV2JE2O8VDtJ1yPGownxciz5rrbQZis=
modernc.org/cc/v4 v4.27.1/go.mod h1:uVtb5OGqUKpoLWhqwNQo/8LwvoiEBLvZXIQ/SmO6mL0=
modernc.org/ccgo/v4 v4.30.2 h1:4yPaaq9dXYXZ2V8s1UgrC3KIj580l2N4ClrLwnbv2so=
modernc.org/ccgo/v4 v4.30.2/go.mod h1:yZMnhWEdW0qw3EtCndG1+ldRrVGS+bIwyWmAWzS0XEw=
modernc.org/fileutil v1.3.40 h1:ZGMswMNc9JOCrcrakF1HrvmergNLAmxOPjizirpfqBA=
modernc.org/fileutil v1.3.40/go.mod h1:HxmghZSZVAz/LXcMNwZPA/DRrQZEVP9VX0V4LQGQFOc=
modernc.org/gc/v2 v2.6.5 h1:nyqdV8q46KvTpZlsw66kWqwXRHdjIlJOhG6kxiV/9xI=
modernc.org/gc/v2 v2.6.5/go.mod h1:YgIahr1ypgfe7chRuJi2gD7DBQiKSLMPgBQe9oIiito=
modernc.org/gc/v3 v3.1.2 h1:ZtDCnhonXSZexk/AYsegNRV1lJGgaNZJuKjJSWKyEqo=
modernc.org/gc/v3 v3.1.2/go.mod h1:HFK/6AGESC7Ex+EZJhJ2Gni6cTaYpSMmU/cT9RmlfYY=
modernc.org/goabi0 v0.2.0 h1:HvEowk7LxcPd0eq6mVOAEMai46V+i7Jrj13t4AzuNks=
modernc.org/goabi0 v0.2.0/go.mod h1:CEFRnnJhKvWT1c1JTI3Avm+tgOWbkOu5oPA8eH8LnMI=
modernc.org/libc v1.68.0 h1:PJ5ikFOV5pwpW+VqCK1hKJuEWsonkIJhhIXyuF/91pQ=
modernc.org/libc v1.68.0/go.mod h1:NnKCYeoYgsEqnY3PgvNgAeaJnso968ygU8Z0DxjoEc0=
modernc.org/mathutil v1.7.1 h1:GCZVGXdaN8gTqB1Mf/usp1Y/hSqgI2vAGGP4jZMCxOU=
modernc.org/mathutil v1.7.1/go.mod h1:4p5IwJITfppl0G4sUEDtCr4DthTaT47/N3aT6MhfgJg=
modernc.org/memory v1.11.0 h1:o4QC8aMQzmcwCK3t3Ux/ZHmwFPzE6hf2Y5LbkRs+hbI=
modernc.org/memory v1.11.0/go.mod h1:/JP4VbVC+K5sU2wZi9bHoq2MAkCnrt2r98UGeSK7Mjw=
modernc.org/opt v0.1.4 h1:2kNGMRiUjrp4LcaPuLY2PzUfqM/w9N23quVwhKt5Qm8=
modernc.org/opt v0.1.4/go.mod h1:03fq9lsNfvkYSfxrfUhZCWPk1lm4cq4N+Bh//bEtgns=
modernc.org/sortutil v1.2.1 h1:+xyoGf15mM3NMlPDnFqrteY07klSFxLElE2PVuWIJ7w=
modernc.org/sortutil v1.2.1/go.mod h1:7ZI3a3REbai7gzCLcotuw9AC4VZVpYMjDzETGsSMqJE=
modernc.org/sqlite v1.46.1 h1:eFJ2ShBLIEnUWlLy12raN0Z1plqmFX9Qe3rjQTKt6sU=
modernc.org/sqlite v1.46.1/go.mod h1:CzbrU2lSB1DKUusvwGz7rqEKIq+NUd8GWuBBZDs9/nA=
modernc.org/strutil v1.2.1 h1:UneZBkQA+DX2Rp35KcM69cSsNES9ly8mQWD71HKlOA0=
modernc.org/strutil v1.2.1/go.mod h1:EHkiggD70koQxjVdSBM3JKM7k6L0FbGE5eymy9i3B9A=
modernc.org/token v1.1.0 h1:Xl7Ap9dKaEs5kLoOQeQmPWevfnk/DM5qcLcYlA8ys6Y=
modernc.org/token v1.1.0/go.mod h1:UGzOrNV1mAFSEB63lOFHIpNRUVMvYTc6yu1SMY/XTDM=
